{
  "requires": true,
  "lockfileVersion": 1,
  "dependencies": {
    "bulma-start": {
      "version": "0.0.3",
      "resolved": "https://registry.npmjs.org/bulma-start/-/bulma-start-0.0.3.tgz",
      "integrity": "sha512-LJchFdLKUAavS4c8qELN+5FoOicttX8fi1+M2mLZQyf+ru8tcooqQ3j9kdJq1p/FeVyfOLi4vtXP1b3k4tQdtA=="
    }
  }
}
